
Microsoft Visual Studio Solution File, Format Version 12.00
# Visual Studio Version 17
VisualStudioVersion = 17.4.33213.308
MinimumVisualStudioVersion = 10.0.40219.1
Project("{9A19103F-16F7-4668-BE54-9A1E7A4F7556}") = "HKLib", "HKLib\HKLib.csproj", "{B1E5DCAA-349A-4093-9365-D01E1FAFC35C}"
EndProject
Project("{9A19103F-16F7-4668-BE54-9A1E7A4F7556}") = "HKLib.Reflection", "HKLib.Reflection\HKLib.Reflection.csproj", "{B6D687CE-5753-4D8B-AF44-ADBE024A5663}"
EndProject
Project("{9A19103F-16F7-4668-BE54-9A1E7A4F7556}") = "HKLib.Serialization", "HKLib.Serialization\HKLib.Serialization.csproj", "{D48DD0D6-DABC-4BEF-B511-4709C8A80EE9}"
EndProject
Project("{9A19103F-16F7-4668-BE54-9A1E7A4F7556}") = "HKLib.CLI", "HKLib.CLI\HKLib.CLI.csproj", "{1B47BF74-56E2-46DD-86F1-4CBF459F72E3}"
EndProject
Project("{9A19103F-16F7-4668-BE54-9A1E7A4F7556}") = "HKLib.Tests", "HKLib.Tests\HKLib.Tests.csproj", "{A24A4E5C-11AD-4333-906F-687F86CBFA24}"
EndProject
Project("{FAE04EC0-301F-11D3-BF4B-00C04F79EFBC}") = "Test", "Test\Test.csproj", "{A64C32EA-EBC9-4294-B5F6-572C62AE16DA}"
EndProject
Project("{FAE04EC0-301F-11D3-BF4B-00C04F79EFBC}") = "IONET", "..\..\Workspace\FF16\IONET-202205192df6800e5451f8ad5e6e327785077266\IONET\IONET.csproj", "{68DE4C04-15F4-29C5-7BF1-E58EF08FAE37}"
EndProject
Global
	GlobalSection(SolutionConfigurationPlatforms) = preSolution
		Debug|Any CPU = Debug|Any CPU
		Debug|x64 = Debug|x64
		Debug|x86 = Debug|x86
		Release|Any CPU = Release|Any CPU
		Release|x64 = Release|x64
		Release|x86 = Release|x86
	EndGlobalSection
	GlobalSection(ProjectConfigurationPlatforms) = postSolution
		{B1E5DCAA-349A-4093-9365-D01E1FAFC35C}.Debug|Any CPU.ActiveCfg = Debug|Any CPU
		{B1E5DCAA-349A-4093-9365-D01E1FAFC35C}.Debug|Any CPU.Build.0 = Debug|Any CPU
		{B1E5DCAA-349A-4093-9365-D01E1FAFC35C}.Debug|x64.ActiveCfg = Debug|x64
		{B1E5DCAA-349A-4093-9365-D01E1FAFC35C}.Debug|x64.Build.0 = Debug|x64
		{B1E5DCAA-349A-4093-9365-D01E1FAFC35C}.Debug|x86.ActiveCfg = Debug|Any CPU
		{B1E5DCAA-349A-4093-9365-D01E1FAFC35C}.Debug|x86.Build.0 = Debug|Any CPU
		{B1E5DCAA-349A-4093-9365-D01E1FAFC35C}.Release|Any CPU.ActiveCfg = Release|Any CPU
		{B1E5DCAA-349A-4093-9365-D01E1FAFC35C}.Release|Any CPU.Build.0 = Release|Any CPU
		{B1E5DCAA-349A-4093-9365-D01E1FAFC35C}.Release|x64.ActiveCfg = Release|x64
		{B1E5DCAA-349A-4093-9365-D01E1FAFC35C}.Release|x64.Build.0 = Release|x64
		{B1E5DCAA-349A-4093-9365-D01E1FAFC35C}.Release|x86.ActiveCfg = Release|Any CPU
		{B1E5DCAA-349A-4093-9365-D01E1FAFC35C}.Release|x86.Build.0 = Release|Any CPU
		{B6D687CE-5753-4D8B-AF44-ADBE024A5663}.Debug|Any CPU.ActiveCfg = Debug|Any CPU
		{B6D687CE-5753-4D8B-AF44-ADBE024A5663}.Debug|Any CPU.Build.0 = Debug|Any CPU
		{B6D687CE-5753-4D8B-AF44-ADBE024A5663}.Debug|x64.ActiveCfg = Debug|x64
		{B6D687CE-5753-4D8B-AF44-ADBE024A5663}.Debug|x64.Build.0 = Debug|x64
		{B6D687CE-5753-4D8B-AF44-ADBE024A5663}.Debug|x86.ActiveCfg = Debug|Any CPU
		{B6D687CE-5753-4D8B-AF44-ADBE024A5663}.Debug|x86.Build.0 = Debug|Any CPU
		{B6D687CE-5753-4D8B-AF44-ADBE024A5663}.Release|Any CPU.ActiveCfg = Release|Any CPU
		{B6D687CE-5753-4D8B-AF44-ADBE024A5663}.Release|Any CPU.Build.0 = Release|Any CPU
		{B6D687CE-5753-4D8B-AF44-ADBE024A5663}.Release|x64.ActiveCfg = Release|x64
		{B6D687CE-5753-4D8B-AF44-ADBE024A5663}.Release|x64.Build.0 = Release|x64
		{B6D687CE-5753-4D8B-AF44-ADBE024A5663}.Release|x86.ActiveCfg = Release|Any CPU
		{B6D687CE-5753-4D8B-AF44-ADBE024A5663}.Release|x86.Build.0 = Release|Any CPU
		{D48DD0D6-DABC-4BEF-B511-4709C8A80EE9}.Debug|Any CPU.ActiveCfg = Debug|Any CPU
		{D48DD0D6-DABC-4BEF-B511-4709C8A80EE9}.Debug|Any CPU.Build.0 = Debug|Any CPU
		{D48DD0D6-DABC-4BEF-B511-4709C8A80EE9}.Debug|x64.ActiveCfg = Debug|x64
		{D48DD0D6-DABC-4BEF-B511-4709C8A80EE9}.Debug|x64.Build.0 = Debug|x64
		{D48DD0D6-DABC-4BEF-B511-4709C8A80EE9}.Debug|x86.ActiveCfg = Debug|Any CPU
		{D48DD0D6-DABC-4BEF-B511-4709C8A80EE9}.Debug|x86.Build.0 = Debug|Any CPU
		{D48DD0D6-DABC-4BEF-B511-4709C8A80EE9}.Release|Any CPU.ActiveCfg = Release|Any CPU
		{D48DD0D6-DABC-4BEF-B511-4709C8A80EE9}.Release|Any CPU.Build.0 = Release|Any CPU
		{D48DD0D6-DABC-4BEF-B511-4709C8A80EE9}.Release|x64.ActiveCfg = Release|x64
		{D48DD0D6-DABC-4BEF-B511-4709C8A80EE9}.Release|x64.Build.0 = Release|x64
		{D48DD0D6-DABC-4BEF-B511-4709C8A80EE9}.Release|x86.ActiveCfg = Release|Any CPU
		{D48DD0D6-DABC-4BEF-B511-4709C8A80EE9}.Release|x86.Build.0 = Release|Any CPU
		{1B47BF74-56E2-46DD-86F1-4CBF459F72E3}.Debug|Any CPU.ActiveCfg = Debug|Any CPU
		{1B47BF74-56E2-46DD-86F1-4CBF459F72E3}.Debug|Any CPU.Build.0 = Debug|Any CPU
		{1B47BF74-56E2-46DD-86F1-4CBF459F72E3}.Debug|x64.ActiveCfg = Debug|x64
		{1B47BF74-56E2-46DD-86F1-4CBF459F72E3}.Debug|x64.Build.0 = Debug|x64
		{1B47BF74-56E2-46DD-86F1-4CBF459F72E3}.Debug|x86.ActiveCfg = Debug|Any CPU
		{1B47BF74-56E2-46DD-86F1-4CBF459F72E3}.Debug|x86.Build.0 = Debug|Any CPU
		{1B47BF74-56E2-46DD-86F1-4CBF459F72E3}.Release|Any CPU.ActiveCfg = Release|Any CPU
		{1B47BF74-56E2-46DD-86F1-4CBF459F72E3}.Release|Any CPU.Build.0 = Release|Any CPU
		{1B47BF74-56E2-46DD-86F1-4CBF459F72E3}.Release|x64.ActiveCfg = Release|x64
		{1B47BF74-56E2-46DD-86F1-4CBF459F72E3}.Release|x64.Build.0 = Release|x64
		{1B47BF74-56E2-46DD-86F1-4CBF459F72E3}.Release|x86.ActiveCfg = Release|Any CPU
		{1B47BF74-56E2-46DD-86F1-4CBF459F72E3}.Release|x86.Build.0 = Release|Any CPU
		{A24A4E5C-11AD-4333-906F-687F86CBFA24}.Debug|Any CPU.ActiveCfg = Debug|Any CPU
		{A24A4E5C-11AD-4333-906F-687F86CBFA24}.Debug|Any CPU.Build.0 = Debug|Any CPU
		{A24A4E5C-11AD-4333-906F-687F86CBFA24}.Debug|x64.ActiveCfg = Debug|Any CPU
		{A24A4E5C-11AD-4333-906F-687F86CBFA24}.Debug|x64.Build.0 = Debug|Any CPU
		{A24A4E5C-11AD-4333-906F-687F86CBFA24}.Debug|x86.ActiveCfg = Debug|Any CPU
		{A24A4E5C-11AD-4333-906F-687F86CBFA24}.Debug|x86.Build.0 = Debug|Any CPU
		{A24A4E5C-11AD-4333-906F-687F86CBFA24}.Release|Any CPU.ActiveCfg = Release|Any CPU
		{A24A4E5C-11AD-4333-906F-687F86CBFA24}.Release|Any CPU.Build.0 = Release|Any CPU
		{A24A4E5C-11AD-4333-906F-687F86CBFA24}.Release|x64.ActiveCfg = Release|Any CPU
		{A24A4E5C-11AD-4333-906F-687F86CBFA24}.Release|x64.Build.0 = Release|Any CPU
		{A24A4E5C-11AD-4333-906F-687F86CBFA24}.Release|x86.ActiveCfg = Release|Any CPU
		{A24A4E5C-11AD-4333-906F-687F86CBFA24}.Release|x86.Build.0 = Release|Any CPU
		{A64C32EA-EBC9-4294-B5F6-572C62AE16DA}.Debug|Any CPU.ActiveCfg = Debug|Any CPU
		{A64C32EA-EBC9-4294-B5F6-572C62AE16DA}.Debug|Any CPU.Build.0 = Debug|Any CPU
		{A64C32EA-EBC9-4294-B5F6-572C62AE16DA}.Debug|x64.ActiveCfg = Debug|Any CPU
		{A64C32EA-EBC9-4294-B5F6-572C62AE16DA}.Debug|x64.Build.0 = Debug|Any CPU
		{A64C32EA-EBC9-4294-B5F6-572C62AE16DA}.Debug|x86.ActiveCfg = Debug|Any CPU
		{A64C32EA-EBC9-4294-B5F6-572C62AE16DA}.Debug|x86.Build.0 = Debug|Any CPU
		{A64C32EA-EBC9-4294-B5F6-572C62AE16DA}.Release|Any CPU.ActiveCfg = Release|Any CPU
		{A64C32EA-EBC9-4294-B5F6-572C62AE16DA}.Release|Any CPU.Build.0 = Release|Any CPU
		{A64C32EA-EBC9-4294-B5F6-572C62AE16DA}.Release|x64.ActiveCfg = Release|Any CPU
		{A64C32EA-EBC9-4294-B5F6-572C62AE16DA}.Release|x64.Build.0 = Release|Any CPU
		{A64C32EA-EBC9-4294-B5F6-572C62AE16DA}.Release|x86.ActiveCfg = Release|Any CPU
		{A64C32EA-EBC9-4294-B5F6-572C62AE16DA}.Release|x86.Build.0 = Release|Any CPU
		{68DE4C04-15F4-29C5-7BF1-E58EF08FAE37}.Debug|Any CPU.ActiveCfg = Debug|Any CPU
		{68DE4C04-15F4-29C5-7BF1-E58EF08FAE37}.Debug|Any CPU.Build.0 = Debug|Any CPU
		{68DE4C04-15F4-29C5-7BF1-E58EF08FAE37}.Debug|x64.ActiveCfg = Debug|Any CPU
		{68DE4C04-15F4-29C5-7BF1-E58EF08FAE37}.Debug|x64.Build.0 = Debug|Any CPU
		{68DE4C04-15F4-29C5-7BF1-E58EF08FAE37}.Debug|x86.ActiveCfg = Debug|Any CPU
		{68DE4C04-15F4-29C5-7BF1-E58EF08FAE37}.Debug|x86.Build.0 = Debug|Any CPU
		{68DE4C04-15F4-29C5-7BF1-E58EF08FAE37}.Release|Any CPU.ActiveCfg = Release|Any CPU
		{68DE4C04-15F4-29C5-7BF1-E58EF08FAE37}.Release|Any CPU.Build.0 = Release|Any CPU
		{68DE4C04-15F4-29C5-7BF1-E58EF08FAE37}.Release|x64.ActiveCfg = Release|Any CPU
		{68DE4C04-15F4-29C5-7BF1-E58EF08FAE37}.Release|x64.Build.0 = Release|Any CPU
		{68DE4C04-15F4-29C5-7BF1-E58EF08FAE37}.Release|x86.ActiveCfg = Release|Any CPU
		{68DE4C04-15F4-29C5-7BF1-E58EF08FAE37}.Release|x86.Build.0 = Release|Any CPU
	EndGlobalSection
	GlobalSection(SolutionProperties) = preSolution
		HideSolutionNode = FALSE
	EndGlobalSection
	GlobalSection(ExtensibilityGlobals) = postSolution
		SolutionGuid = {D5628FB8-73A1-49B5-9791-5444379191A6}
	EndGlobalSection
EndGlobal
